PODS:
  - Flutter (1.0.0)
  - flutter_fgbg (0.0.1):
    - Flutter
  - image_picker (0.0.1):
    - Flutter
  - local_auth (0.0.1):
    - Flutter

DEPENDENCIES:
  - Flutter (from `Flutter`)
  - flutter_fgbg (from `.symlinks/plugins/flutter_fgbg/ios`)
  - image_picker (from `.symlinks/plugins/image_picker/ios`)
  - local_auth (from `.symlinks/plugins/local_auth/ios`)

EXTERNAL SOURCES:
  Flutter:
    :path: Flutter
  flutter_fgbg:
    :path: ".symlinks/plugins/flutter_fgbg/ios"
  image_picker:
    :path: ".symlinks/plugins/image_picker/ios"
  local_auth:
    :path: ".symlinks/plugins/local_auth/ios"

SPEC CHECKSUMS:
  Flutter: 50d75fe2f02b26cc09d224853bb45737f8b3214a
  flutter_fgbg: 31c0d1140a131daea2d342121808f6aa0dcd879d
  image_picker: 50e7c7ff960e5f58faa4d1f4af84a771c671bc4a
  local_auth: ef62030a2731330b95df7ef1331bd15f6a64b8a6

PODFILE CHECKSUM: aafe91acc616949ddb318b77800a7f51bffa2a4c

COCOAPODS: 1.10.1
